version = 1
revision = 3
requires-python = ">=3.12, <3.13"

[manifest]
requirements = [
    { name = "numpy", specifier = ">=2,<3" },
    { name = "ta-lib", specifier = "==0.8.1" },
]

[[package]]
name = "numpy"
version = "2.5.3"
source = { registry = "https://pypi.org/simple" }
sdist = { url = "https://files.pythonhosted.org/packages/13/01/11703282db468b85f6f7b8c7f22d058de5970d5c7e60a3a8aaa313c3de36/numpy-2.5.3.tar.gz", hash = "sha256:df2d5874ff183595a4ba404edd04f6bd9b5505c1d7708573f6a6c17489a67563", size = 20791231, upload-time = "2026-09-06T16:27:47.073Z" }
wheels = [
    { url = "https://files.pythonhosted.org/packages/d6/50/8fdbb16af64895706a45f06a4068e29db732ec180f3c1375f14123359138/numpy-2.5.3-cp312-cp312-macosx_10_13_x86_64.whl", hash = "sha256:cb189f09db39283b26bfd061ec16189e14f71c6755207f72a0f7540867afe5b9", size = 16994982, upload-time = "2026-09-06T16:24:29.244Z" },
    { url = "https://files.pythonhosted.org/packages/60/39/789131c1188c078dcb3a1692e72e1e050c68b88ffe72c9ccaac9bcd7a9cd/numpy-2.5.3-cp312-cp312-macosx_11_0_arm64.whl", hash = "sha256:f59a878c33d6b88122d80d239bb3b845d58708750b0cb06a09aebb9b18ec696c", size = 12009327, upload-time = "2026-09-06T16:24:32.491Z" },
    { url = "https://files.pythonhosted.org/packages/9c/59/a312e95696e5f601914dd8b6dd844692ba61670807417e24b68e337b5c70/numpy-2.5.3-cp312-cp312-macosx_14_0_arm64.whl", hash = "sha256:a72f874bc9e10e4b8f80426fb49716d5141f64442a0c8418065093ec8017fbb0", size = 5445405, upload-time = "2026-09-06T16:24:35.071Z" },
    { url = "https://files.pythonhosted.org/packages/30/d0/5623a1707ed4fe16e3909fe3cf5ee3da004ae677ad23d83bbf3adf1a6faf/numpy-2.5.3-cp312-cp312-macosx_14_0_x86_64.whl", hash = "sha256:fc36dc566135b5eceec4cf89758fcb719266a019ef07dae1754ae7c9f617ef3e", size = 6783213, upload-time = "2026-09-06T16:24:37.253Z" },
    { url = "https://files.pythonhosted.org/packages/f1/32/84146fc020ad3c25f805f70ab60da46fe3c540a21369754a7e4369754b6f/numpy-2.5.3-cp312-cp312-manylinux_2_27_aarch64.manylinux_2_28_aarch64.whl", hash = "sha256:76c2c1e6bfa5c84adc6434dfbf013aa92096a7985221762c8f11fedfd20fff58", size = 15687872, upload-time = "2026-09-06T16:24:39.751Z" },
    { url = "https://files.pythonhosted.org/packages/65/af/aa78d1a88805456e212b65461354cd943197fb9acecc4c90fd12295123a3/numpy-2.5.3-cp312-cp312-manylinux_2_27_x86_64.manylinux_2_28_x86_64.whl", hash = "sha256:b7e18c623bb5c95acb3b3328861272816ba199fb531921c5d6d0b675f1fde9e3", size = 16717410, upload-time = "2026-09-06T16:24:42.745Z" },
    { url = "https://files.pythonhosted.org/packages/3b/24/faa79d865e69a97ba17473b23a1b74094b2259c03e820c70297293b9ea49/numpy-2.5.3-cp312-cp312-musllinux_1_2_aarch64.whl", hash = "sha256:4f8929ee6c96bfbd7b4ed2032e0c03af86fe1826740ab61ddabf9072d06e57ff", size = 17040975, upload-time = "2026-09-06T16:24:45.961Z" },
    { url = "https://files.pythonhosted.org/packages/62/4a/8877e629445a7176297dffcaf9c485faa96a95d81728a62521ad55bd4c0f/numpy-2.5.3-cp312-cp312-musllinux_1_2_x86_64.whl", hash = "sha256:b5d93cf48f687479941d12b69c873ad2cc76bbd487f0091c2200636497f34034", size = 18476479, upload-time = "2026-09-06T16:24:49.35Z" },
    { url = "https://files.pythonhosted.org/packages/c8/db/35e1c2d38b04cbd5b731f9d71495e055e813197669d22b612f11748d2ff9/numpy-2.5.3-cp312-cp312-win32.whl", hash = "sha256:bf63afbe037eb5d2fe87fbcc7778e61da53ebaf21d938a4515aa73b62532a5d4", size = 6133378, upload-time = "2026-09-06T16:24:51.915Z" },
    { url = "https://files.pythonhosted.org/packages/3c/a1/accf6d4f0c80c5d9ba9735d6b1550e444180599f34dec69ca01360f717ad/numpy-2.5.3-cp312-cp312-win_amd64.whl", hash = "sha256:0a59a421a32580a009e8a1751345bf829631b990dc1794b80514ab722b435def", size = 12567828, upload-time = "2026-09-06T16:24:54.255Z" },
    { url = "https://files.pythonhosted.org/packages/22/43/1764aff32e4652526ae2f71fa8b3efd8d25c8a3d6926914454e47138ed1e/numpy-2.5.3-cp312-cp312-win_arm64.whl", hash = "sha256:ccb32e0525d29e8b0572eb84c9a57af0e7a4e615726927506f55063c62414034", size = 10485432, upload-time = "2026-09-06T16:24:57.278Z" },
]

[[package]]
name = "ta-lib"
version = "0.8.1"
source = { registry = "https://pypi.org/simple" }
dependencies = [
    { name = "numpy" },
]
sdist = { url = "https://files.pythonhosted.org/packages/8b/86/ef3ef5561ea55c2776100e621bde86229f251ddb74248c7f233eae4d5585/ta_lib-0.8.1.tar.gz", hash = "sha256:6571060dacd910f9f4f686bbf9109a28454dc71a2e06b0417241b9d407567cb7", size = 1243204, upload-time = "2026-09-21T17:21:51.111Z" }
wheels = [
    { url = "https://files.pythonhosted.org/packages/c4/09/efffe207afbcba5965c106e61bf57c7f911160c32ea3abebd2d9a34d22e5/ta_lib-0.8.1-cp312-cp312-macosx_13_0_x86_64.whl", hash = "sha256:c9441c61fee757047b2b70da6f19dab6719662080b4a31d828c76d4fbcac114f", size = 3134342, upload-time = "2026-09-21T17:20:49.548Z" },
    { url = "https://files.pythonhosted.org/packages/e6/8d/d768ad60a15387b65777a6ec5c41bdcbfb9f4d9be8f69cba689f51275014/ta_lib-0.8.1-cp312-cp312-macosx_14_0_arm64.whl", hash = "sha256:4c39a13c61447955d9004aaf310b26c27798793a3f344a56ecc97d9b4a2271ae", size = 2908813, upload-time = "2026-09-21T17:20:51.169Z" },
    { url = "https://files.pythonhosted.org/packages/e1/3b/5d3b53b6dda5785887120a53fa8e677d0901a66cbf7a9e52ea06c914994b/ta_lib-0.8.1-cp312-cp312-manylinux2014_aarch64.manylinux_2_17_aarch64.manylinux_2_28_aarch64.whl", hash = "sha256:3df6062f12faf452612e81a5c3f3b338ca6498525c7e5abf475371630184fa96", size = 3300784, upload-time = "2026-09-21T17:20:53.151Z" },
    { url = "https://files.pythonhosted.org/packages/f2/69/d89ab29160060b185243f0844179618d51550fb62c3df5b6707c978f0425/ta_lib-0.8.1-cp312-cp312-manylinux2014_x86_64.manylinux_2_17_x86_64.manylinux_2_28_x86_64.whl", hash = "sha256:27a9d9a12ce200f8ee365cba7b92e54e889343c197e63f359df47315ecdc5cd5", size = 3661372, upload-time = "2026-09-21T17:20:54.851Z" },
    { url = "https://files.pythonhosted.org/packages/20/1c/5b545488de59af73f6f3232f0f559df5c43afad1a669b35a59ede74cdb10/ta_lib-0.8.1-cp312-cp312-musllinux_1_2_aarch64.whl", hash = "sha256:759cd4a8e521efbd2a6ac12d14298b90c38631d51b2e440489bff14e603d56cc", size = 3352173, upload-time = "2026-09-21T17:20:56.54Z" },
    { url = "https://files.pythonhosted.org/packages/24/54/26c74713070d9f3311a0dd75050eae516d2d2a9b60cc7a723ad3c7d3136b/ta_lib-0.8.1-cp312-cp312-musllinux_1_2_x86_64.whl", hash = "sha256:94dd78da476b3912133901cd011544dd277bad0ed962886feabe1b5bc123788a", size = 3592432, upload-time = "2026-09-21T17:20:58.494Z" },
    { url = "https://files.pythonhosted.org/packages/08/c2/bbd6b52a5f3b3431f293507c7c92fef7cdfe29ec4c518118bf13208351b9/ta_lib-0.8.1-cp312-cp312-win32.whl", hash = "sha256:12cc0f3c456e9393b36ff4b973e043b81f8e43b276c60f8c200f8b250fedc87b", size = 2377797, upload-time = "2026-09-21T17:21:03.099Z" },
    { url = "https://files.pythonhosted.org/packages/07/29/2a13d919e2d9a0d2de75ef7aaba05d271c33c00cd6f0ad0e8c78b9a13637/ta_lib-0.8.1-cp312-cp312-win_amd64.whl", hash = "sha256:1fe6ef01c5c0d0e65de73d90b5d735154dd171d0563e11c63f2d903a39140374", size = 2823825, upload-time = "2026-09-21T17:21:00.057Z" },
    { url = "https://files.pythonhosted.org/packages/58/6a/bb56babe4ad59150b3130e47c7e5f4f3bd62e192a793ba981899f830f890/ta_lib-0.8.1-cp312-cp312-win_arm64.whl", hash = "sha256:a86417d8046da47abf4ccb942a1e90acf78db5e6c3633de39ad333f75a785505", size = 2338101, upload-time = "2026-09-21T17:21:01.557Z" },
]
